
Microsoft Visual Studio Solution File, Format Version 12.00
# Visual Studio Version 17
VisualStudioVersion = 17.5.33627.172
MinimumVisualStudioVersion = 10.0.40219.1
Project("{FAE04EC0-301F-11D3-BF4B-00C04F79EFBC}") = "AuthDemo2", "AuthDemo2\AuthDemo2.csproj", "{F261AF49-9D05-49BE-B5E5-3D586DFB8986}"
EndProject
Global
	GlobalSection(SolutionConfigurationPlatforms) = preSolution
		Debug|Any CPU = Debug|Any CPU
		Release|Any CPU = Release|Any CPU
	EndGlobalSection
	GlobalSection(ProjectConfigurationPlatforms) = postSolution
		{F261AF49-9D05-49BE-B5E5-3D586DFB8986}.Debug|Any CPU.ActiveCfg = Debug|Any CPU
		{F261AF49-9D05-49BE-B5E5-3D586DFB8986}.Debug|Any CPU.Build.0 = Debug|Any CPU
		{F261AF49-9D05-49BE-B5E5-3D586DFB8986}.Release|Any CPU.ActiveCfg = Release|Any CPU
		{F261AF49-9D05-49BE-B5E5-3D586DFB8986}.Release|Any CPU.Build.0 = Release|Any CPU
	EndGlobalSection
	GlobalSection(SolutionProperties) = preSolution
		HideSolutionNode = FALSE
	EndGlobalSection
	GlobalSection(ExtensibilityGlobals) = postSolution
		SolutionGuid = {68FEC106-9A85-4A79-A241-7ED9D5108C7D}
	EndGlobalSection
EndGlobal
